// !$*UTF8*$!
{
	archiveVersion = 1;
	classes = {
	};
	objectVersion = 55;
	objects = {

/* Begin PBXBuildFile section */
		5F1BD51628AF85C7002800F9 /* cardGame.swift in Sources */ = {isa = PBXBuildFile; fileRef = 5F1BD51528AF85C7002800F9 /* cardGame.swift */; };
		5F2536B928C87CC1004FF9E6 /* AnimationTest.swift in Sources */ = {isa = PBXBuildFile; fileRef = 5F2536B828C87CC1004FF9E6 /* AnimationTest.swift */; };
		5F7AE12B28AE356E00DA4173 /* cardFlip.swift in Sources */ = {isa = PBXBuildFile; fileRef = 5F7AE12A28AE356E00DA4173 /* cardFlip.swift */; };
		5F868E7A28B736AF00549A4D /* HapticManager.swift in Sources */ = {isa = PBXBuildFile; fileRef = 5F868E7928B736AF00549A4D /* HapticManager.swift */; };
		5F868E7C28B739C300549A4D /* HapticTest.swift in Sources */ = {isa = PBXBuildFile; fileRef = 5F868E7B28B739C300549A4D /* HapticTest.swift */; };
		5F885E9D2887C5B8005744F3 /* BarChart.swift in Sources */ = {isa = PBXBuildFile; fileRef = 5F885E9C2887C5B8005744F3 /* BarChart.swift */; };
		5F89CD6E28C19E69008931E8 /* MyWebView.swift in Sources */ = {isa = PBXBuildFile; fileRef = 5F89CD6D28C19E69008931E8 /* MyWebView.swift */; };
		5F8DD9702890D28300A1DCF2 /* floatingButton.swift in Sources */ = {isa = PBXBuildFile; fileRef = 5F8DD96F2890D28300A1DCF2 /* floatingButton.swift */; };
		5FBD49192887DE3C00E4698B /* calendar.swift in Sources */ = {isa = PBXBuildFile; fileRef = 5FBD49182887DE3C00E4698B /* calendar.swift */; };
		5FC21F1A2877CE240099381C /* test0708App.swift in Sources */ = {isa = PBXBuildFile; fileRef = 5FC21F192877CE240099381C /* test0708App.swift */; };
		5FC21F1C2877CE240099381C /* ContentView.swift in Sources */ = {isa = PBXBuildFile; fileRef = 5FC21F1B2877CE240099381C /* ContentView.swift */; };
		5FC21F1E2877CE250099381C /* Assets.xcassets in Resources */ = {isa = PBXBuildFile; fileRef = 5FC21F1D2877CE250099381C /* Assets.xcassets */; };
		5FC21F212877CE250099381C /* Preview Assets.xcassets in Resources */ = {isa = PBXBuildFile; fileRef = 5FC21F202877CE250099381C /* Preview Assets.xcassets */; };
		5FC43A432888EA2D00CA39B8 /* tabVIew.swift in Sources */ = {isa = PBXBuildFile; fileRef = 5FC43A422888EA2D00CA39B8 /* tabVIew.swift */; };
		5FCB0ADA28B36F9300E9B9FC /* URLTest.swift in Sources */ = {isa = PBXBuildFile; fileRef = 5FCB0AD928B36F9300E9B9FC /* URLTest.swift */; };
		5FF0D3292893A62800D6FA7C /* datePicker.swift in Sources */ = {isa = PBXBuildFile; fileRef = 5FF0D3282893A62800D6FA7C /* datePicker.swift */; };
		5FFC80CF28ACCDE100272E67 /* MapTest.swift in Sources */ = {isa = PBXBuildFile; fileRef = 5FFC80CE28ACCDE100272E67 /* MapTest.swift */; };
/* End PBXBuildFile section */

/* Begin PBXFileReference section */
		5F1BD51528AF85C7002800F9 /* cardGame.swift */ = {isa = PBXFileReference; lastKnownFileType = sourcecode.swift; path = cardGame.swift; sourceTree = "<group>"; };
		5F2536B828C87CC1004FF9E6 /* AnimationTest.swift */ = {isa = PBXFileReference; lastKnownFileType = sourcecode.swift; path = AnimationTest.swift; sourceTree = "<group>"; };
		5F7AE12A28AE356E00DA4173 /* cardFlip.swift */ = {isa = PBXFileReference; lastKnownFileType = sourcecode.swift; path = cardFlip.swift; sourceTree = "<group>"; };
		5F868E7928B736AF00549A4D /* HapticManager.swift */ = {isa = PBXFileReference; lastKnownFileType = sourcecode.swift; path = HapticManager.swift; sourceTree = "<group>"; };
		5F868E7B28B739C300549A4D /* HapticTest.swift */ = {isa = PBXFileReference; lastKnownFileType = sourcecode.swift; path = HapticTest.swift; sourceTree = "<group>"; };
		5F885E9C2887C5B8005744F3 /* BarChart.swift */ = {isa = PBXFileReference; lastKnownFileType = sourcecode.swift; path = BarChart.swift; sourceTree = "<group>"; };
		5F89CD6D28C19E69008931E8 /* MyWebView.swift */ = {isa = PBXFileReference; lastKnownFileType = sourcecode.swift; path = MyWebView.swift; sourceTree = "<group>"; };
		5F8DD96F2890D28300A1DCF2 /* floatingButton.swift */ = {isa = PBXFileReference; lastKnownFileType = sourcecode.swift; path = floatingButton.swift; sourceTree = "<group>"; };
		5FBD49182887DE3C00E4698B /* calendar.swift */ = {isa = PBXFileReference; lastKnownFileType = sourcecode.swift; path = calendar.swift; sourceTree = "<group>"; };
		5FC21F162877CE240099381C /* test0708.app */ = {isa = PBXFileReference; explicitFileType = wrapper.application; includeInIndex = 0; path = test0708.app; sourceTree = BUILT_PRODUCTS_DIR; };
		5FC21F192877CE240099381C /* test0708App.swift */ = {isa = PBXFileReference; lastKnownFileType = sourcecode.swift; path = test0708App.swift; sourceTree = "<group>"; };
		5FC21F1B2877CE240099381C /* ContentView.swift */ = {isa = PBXFileReference; lastKnownFileType = sourcecode.swift; path = ContentView.swift; sourceTree = "<group>"; };
		5FC21F1D2877CE250099381C /* Assets.xcassets */ = {isa = PBXFileReference; lastKnownFileType = folder.assetcatalog; path = Assets.xcassets; sourceTree = "<group>"; };
		5FC21F202877CE250099381C /* Preview Assets.xcassets */ = {isa = PBXFileReference; lastKnownFileType = folder.assetcatalog; path = "Preview Assets.xcassets"; sourceTree = "<group>"; };
		5FC43A422888EA2D00CA39B8 /* tabVIew.swift */ = {isa = PBXFileReference; lastKnownFileType = sourcecode.swift; path = tabVIew.swift; sourceTree = "<group>"; };
		5FCB0AD928B36F9300E9B9FC /* URLTest.swift */ = {isa = PBXFileReference; lastKnownFileType = sourcecode.swift; path = URLTest.swift; sourceTree = "<group>"; };
		5FCB0ADB28B3744600E9B9FC /* Info.plist */ = {isa = PBXFileReference; lastKnownFileType = text.plist; path = Info.plist; sourceTree = "<group>"; };
		5FF0D3282893A62800D6FA7C /* datePicker.swift */ = {isa = PBXFileReference; lastKnownFileType = sourcecode.swift; path = datePicker.swift; sourceTree = "<group>"; };
		5FFC80CE28ACCDE100272E67 /* MapTest.swift */ = {isa = PBXFileReference; lastKnownFileType = sourcecode.swift; path = MapTest.swift; sourceTree = "<group>"; };
/* End PBXFileReference section */

/* Begin PBXFrameworksBuildPhase section */
		5FC21F132877CE240099381C /* Frameworks */ = {
			isa = PBXFrameworksBuildPhase;
			buildActionMask = 2147483647;
			files = (
			);
			runOnlyForDeploymentPostprocessing = 0;
		};
/* End PBXFrameworksBuildPhase section */

/* Begin PBXGroup section */
		5FC21F0D2877CE240099381C = {
			isa = PBXGroup;
			children = (
				5FC21F182877CE240099381C /* test0708 */,
				5FC21F172877CE240099381C /* Products */,
			);
			sourceTree = "<group>";
		};
		5FC21F172877CE240099381C /* Products */ = {
			isa = PBXGroup;
			children = (
				5FC21F162877CE240099381C /* test0708.app */,
			);
			name = Products;
			sourceTree = "<group>";
		};
		5FC21F182877CE240099381C /* test0708 */ = {
			isa = PBXGroup;
			children = (
				5FCB0ADB28B3744600E9B9FC /* Info.plist */,
				5FC21F192877CE240099381C /* test0708App.swift */,
				5FC21F1B2877CE240099381C /* ContentView.swift */,
				5F868E7928B736AF00549A4D /* HapticManager.swift */,
				5F885E9C2887C5B8005744F3 /* BarChart.swift */,
				5FBD49182887DE3C00E4698B /* calendar.swift */,
				5FC43A422888EA2D00CA39B8 /* tabVIew.swift */,
				5F8DD96F2890D28300A1DCF2 /* floatingButton.swift */,
				5FF0D3282893A62800D6FA7C /* datePicker.swift */,
				5FFC80CE28ACCDE100272E67 /* MapTest.swift */,
				5F7AE12A28AE356E00DA4173 /* cardFlip.swift */,
				5F1BD51528AF85C7002800F9 /* cardGame.swift */,
				5FCB0AD928B36F9300E9B9FC /* URLTest.swift */,
				5F89CD6D28C19E69008931E8 /* MyWebView.swift */,
				5F868E7B28B739C300549A4D /* HapticTest.swift */,
				5F2536B828C87CC1004FF9E6 /* AnimationTest.swift */,
				5FC21F1D2877CE250099381C /* Assets.xcassets */,
				5FC21F1F2877CE250099381C /* Preview Content */,
			);
			path = test0708;
			sourceTree = "<group>";
		};
		5FC21F1F2877CE250099381C /* Preview Content */ = {
			isa = PBXGroup;
			children = (
				5FC21F202877CE250099381C /* Preview Assets.xcassets */,
			);
			path = "Preview Content";
			sourceTree = "<group>";
		};
/* End PBXGroup section */

/* Begin PBXNativeTarget section */
		5FC21F152877CE240099381C /* test0708 */ = {
			isa = PBXNativeTarget;
			buildConfigurationList = 5FC21F242877CE250099381C /* Build configuration list for PBXNativeTarget "test0708" */;
			buildPhases = (
				5FC21F122877CE240099381C /* Sources */,
				5FC21F132877CE240099381C /* Frameworks */,
				5FC21F142877CE240099381C /* Resources */,
			);
			buildRules = (
			);
			dependencies = (
			);
			name = test0708;
			productName = test0708;
			productReference = 5FC21F162877CE240099381C /* test0708.app */;
			productType = "com.apple.product-type.application";
		};
/* End PBXNativeTarget section */

/* Begin PBXProject section */
		5FC21F0E2877CE240099381C /* Project object */ = {
			isa = PBXProject;
			attributes = {
				BuildIndependentTargetsInParallel = 1;
				LastSwiftUpdateCheck = 1340;
				LastUpgradeCheck = 1340;
				TargetAttributes = {
					5FC21F152877CE240099381C = {
						CreatedOnToolsVersion = 13.4;
					};
				};
			};
			buildConfigurationList = 5FC21F112877CE240099381C /* Build configuration list for PBXProject "test0708" */;
			compatibilityVersion = "Xcode 13.0";
			developmentRegion = en;
			hasScannedForEncodings = 0;
			knownRegions = (
				en,
				Base,
			);
			mainGroup = 5FC21F0D2877CE240099381C;
			productRefGroup = 5FC21F172877CE240099381C /* Products */;
			projectDirPath = "";
			projectRoot = "";
			targets = (
				5FC21F152877CE240099381C /* test0708 */,
			);
		};
/* End PBXProject section */

/* Begin PBXResourcesBuildPhase section */
		5FC21F142877CE240099381C /* Resources */ = {
			isa = PBXResourcesBuildPhase;
			buildActionMask = 2147483647;
			files = (
				5FC21F212877CE250099381C /* Preview Assets.xcassets in Resources */,
				5FC21F1E2877CE250099381C /* Assets.xcassets in Resources */,
			);
			runOnlyForDeploymentPostprocessing = 0;
		};
/* End PBXResourcesBuildPhase section */

/* Begin PBXSourcesBuildPhase section */
		5FC21F122877CE240099381C /* Sources */ = {
			isa = PBXSourcesBuildPhase;
			buildActionMask = 2147483647;
			files = (
				5FC21F1C2877CE240099381C /* ContentView.swift in Sources */,
				5F885E9D2887C5B8005744F3 /* BarChart.swift in Sources */,
				5FC43A432888EA2D00CA39B8 /* tabVIew.swift in Sources */,
				5FCB0ADA28B36F9300E9B9FC /* URLTest.swift in Sources */,
				5F868E7C28B739C300549A4D /* HapticTest.swift in Sources */,
				5F2536B928C87CC1004FF9E6 /* AnimationTest.swift in Sources */,
				5F7AE12B28AE356E00DA4173 /* cardFlip.swift in Sources */,
				5FC21F1A2877CE240099381C /* test0708App.swift in Sources */,
				5FBD49192887DE3C00E4698B /* calendar.swift in Sources */,
				5FF0D3292893A62800D6FA7C /* datePicker.swift in Sources */,
				5FFC80CF28ACCDE100272E67 /* MapTest.swift in Sources */,
				5F8DD9702890D28300A1DCF2 /* floatingButton.swift in Sources */,
				5F89CD6E28C19E69008931E8 /* MyWebView.swift in Sources */,
				5F868E7A28B736AF00549A4D /* HapticManager.swift in Sources */,
				5F1BD51628AF85C7002800F9 /* cardGame.swift in Sources */,
			);
			runOnlyForDeploymentPostprocessing = 0;
		};
/* End PBXSourcesBuildPhase section */

/* Begin XCBuildConfiguration section */
		5FC21F222877CE250099381C /* Debug */ = {
			isa = XCBuildConfiguration;
			buildSettings = {
				ALWAYS_SEARCH_USER_PATHS = NO;
				CLANG_ANALYZER_NONNULL = YES;
				CLANG_ANALYZER_NUMBER_OBJECT_CONVERSION = YES_AGGRESSIVE;
				CLANG_CXX_LANGUAGE_STANDARD = "gnu++17";
				CLANG_ENABLE_MODULES = YES;
				CLANG_ENABLE_OBJC_ARC = YES;
				CLANG_ENABLE_OBJC_WEAK = YES;
				CLANG_WARN_BLOCK_CAPTURE_AUTORELEASING = YES;
				CLANG_WARN_BOOL_CONVERSION = YES;
				CLANG_WARN_COMMA = YES;
				CLANG_WARN_CONSTANT_CONVERSION = YES;
				CLANG_WARN_DEPRECATED_OBJC_IMPLEMENTATIONS = YES;
				CLANG_WARN_DIRECT_OBJC_ISA_USAGE = YES_ERROR;
				CLANG_WARN_DOCUMENTATION_COMMENTS = YES;
				CLANG_WARN_EMPTY_BODY = YES;
				CLANG_WARN_ENUM_CONVERSION = YES;
				CLANG_WARN_INFINITE_RECURSION = YES;
				CLANG_WARN_INT_CONVERSION = YES;
				CLANG_WARN_NON_LITERAL_NULL_CONVERSION = YES;
				CLANG_WARN_OBJC_IMPLICIT_RETAIN_SELF = YES;
				CLANG_WARN_OBJC_LITERAL_CONVERSION = YES;
				CLANG_WARN_OBJC_ROOT_CLASS = YES_ERROR;
				CLANG_WARN_QUOTED_INCLUDE_IN_FRAMEWORK_HEADER = YES;
				CLANG_WARN_RANGE_LOOP_ANALYSIS = YES;
				CLANG_WARN_STRICT_PROTOTYPES = YES;
				CLANG_WARN_SUSPICIOUS_MOVE = YES;
				CLANG_WARN_UNGUARDED_AVAILABILITY = YES_AGGRESSIVE;
				CLANG_WARN_UNREACHABLE_CODE = YES;
				CLANG_WARN__DUPLICATE_METHOD_MATCH = YES;
				COPY_PHASE_STRIP = NO;
				DEBUG_INFORMATION_FORMAT = dwarf;
				ENABLE_STRICT_OBJC_MSGSEND = YES;
				ENABLE_TESTABILITY = YES;
				GCC_C_LANGUAGE_STANDARD = gnu11;
				GCC_DYNAMIC_NO_PIC = NO;
				GCC_NO_COMMON_BLOCKS = YES;
				GCC_OPTIMIZATION_LEVEL = 0;
				GCC_PREPROCESSOR_DEFINITIONS = (
					"DEBUG=1",
					"$(inherited)",
				);
				GCC_WARN_64_TO_32_BIT_CONVERSION = YES;
				GCC_WARN_ABOUT_RETURN_TYPE = YES_ERROR;
				GCC_WARN_UNDECLARED_SELECTOR = YES;
				GCC_WARN_UNINITIALIZED_AUTOS = YES_AGGRESSIVE;
				GCC_WARN_UNUSED_FUNCTION = YES;
				GCC_WARN_UNUSED_VARIABLE = YES;
				IPHONEOS_DEPLOYMENT_TARGET = 15.5;
				MTL_ENABLE_DEBUG_INFO = INCLUDE_SOURCE;
				MTL_FAST_MATH = YES;
				ONLY_ACTIVE_ARCH = YES;
				SDKROOT = iphoneos;
				SWIFT_ACTIVE_COMPILATION_CONDITIONS = DEBUG;
				SWIFT_OPTIMIZATION_LEVEL = "-Onone";
			};
			name = Debug;
		};
		5FC21F232877CE250099381C /* Release */ = {
			isa = XCBuildConfiguration;
			buildSettings = {
				ALWAYS_SEARCH_USER_PATHS = NO;
				CLANG_ANALYZER_NONNULL = YES;
				CLANG_ANALYZER_NUMBER_OBJECT_CONVERSION = YES_AGGRESSIVE;
				CLANG_CXX_LANGUAGE_STANDARD = "gnu++17";
				CLANG_ENABLE_MODULES = YES;
				CLANG_ENABLE_OBJC_ARC = YES;
				CLANG_ENABLE_OBJC_WEAK = YES;
				CLANG_WARN_BLOCK_CAPTURE_AUTORELEASING = YES;
				CLANG_WARN_BOOL_CONVERSION = YES;
				CLANG_WARN_COMMA = YES;
				CLANG_WARN_CONSTANT_CONVERSION = YES;
				CLANG_WARN_DEPRECATED_OBJC_IMPLEMENTATIONS = YES;
				CLANG_WARN_DIRECT_OBJC_ISA_USAGE = YES_ERROR;
				CLANG_WARN_DOCUMENTATION_COMMENTS = YES;
				CLANG_WARN_EMPTY_BODY = YES;
				CLANG_WARN_ENUM_CONVERSION = YES;
				CLANG_WARN_INFINITE_RECURSION = YES;
				CLANG_WARN_INT_CONVERSION = YES;
				CLANG_WARN_NON_LITERAL_NULL_CONVERSION = YES;
				CLANG_WARN_OBJC_IMPLICIT_RETAIN_SELF = YES;
				CLANG_WARN_OBJC_LITERAL_CONVERSION = YES;
				CLANG_WARN_OBJC_ROOT_CLASS = YES_ERROR;
				CLANG_WARN_QUOTED_INCLUDE_IN_FRAMEWORK_HEADER = YES;
				CLANG_WARN_RANGE_LOOP_ANALYSIS = YES;
				CLANG_WARN_STRICT_PROTOTYPES = YES;
				CLANG_WARN_SUSPICIOUS_MOVE = YES;
				CLANG_WARN_UNGUARDED_AVAILABILITY = YES_AGGRESSIVE;
				CLANG_WARN_UNREACHABLE_CODE = YES;
				CLANG_WARN__DUPLICATE_METHOD_MATCH = YES;
				COPY_PHASE_STRIP = NO;
				DEBUG_INFORMATION_FORMAT = "dwarf-with-dsym";
				ENABLE_NS_ASSERTIONS = NO;
				ENABLE_STRICT_OBJC_MSGSEND = YES;
				GCC_C_LANGUAGE_STANDARD = gnu11;
				GCC_NO_COMMON_BLOCKS = YES;
				GCC_WARN_64_TO_32_BIT_CONVERSION = YES;
				GCC_WARN_ABOUT_RETURN_TYPE = YES_ERROR;
				GCC_WARN_UNDECLARED_SELECTOR = YES;
				GCC_WARN_UNINITIALIZED_AUTOS = YES_AGGRESSIVE;
				GCC_WARN_UNUSED_FUNCTION = YES;
				GCC_WARN_UNUSED_VARIABLE = YES;
				IPHONEOS_DEPLOYMENT_TARGET = 15.5;
				MTL_ENABLE_DEBUG_INFO = NO;
				MTL_FAST_MATH = YES;
				SDKROOT = iphoneos;
				SWIFT_COMPILATION_MODE = wholemodule;
				SWIFT_OPTIMIZATION_LEVEL = "-O";
				VALIDATE_PRODUCT = YES;
			};
			name = Release;
		};
		5FC21F252877CE250099381C /* Debug */ = {
			isa = XCBuildConfiguration;
			buildSettings = {
				ASSETCATALOG_COMPILER_APPICON_NAME = AppIcon;
				ASSETCATALOG_COMPILER_GLOBAL_ACCENT_COLOR_NAME = AccentColor;
				CODE_SIGN_STYLE = Automatic;
				CURRENT_PROJECT_VERSION = 1;
				DEVELOPMENT_ASSET_PATHS = "\"test0708/Preview Content\"";
				DEVELOPMENT_TEAM = G898HPRNW4;
				ENABLE_PREVIEWS = YES;
				GENERATE_INFOPLIST_FILE = YES;
				INFOPLIST_FILE = test0708/Info.plist;
				INFOPLIST_KEY_UIApplicationSceneManifest_Generation = YES;
				INFOPLIST_KEY_UIApplicationSupportsIndirectInputEvents = YES;
				INFOPLIST_KEY_UILaunchScreen_Generation = YES;
				INFOPLIST_KEY_UISupportedInterfaceOrientations_iPad = "UIInterfaceOrientationPortrait UIInterfaceOrientationPortraitUpsideDown UIInterfaceOrientationLandscapeLeft UIInterfaceOrientationLandscapeRight";
				INFOPLIST_KEY_UISupportedInterfaceOrientations_iPhone = "UIInterfaceOrientationPortrait UIInterfaceOrientationLandscapeLeft UIInterfaceOrientationLandscapeRight";
				LD_RUNPATH_SEARCH_PATHS = (
					"$(inherited)",
					"@executable_path/Frameworks",
				);
				MARKETING_VERSION = 1.0;
				PRODUCT_BUNDLE_IDENTIFIER = test1.test0708;
				PRODUCT_NAME = "$(TARGET_NAME)";
				SWIFT_EMIT_LOC_STRINGS = YES;
				SWIFT_VERSION = 5.0;
				TARGETED_DEVICE_FAMILY = "1,2";
			};
			name = Debug;
		};
		5FC21F262877CE250099381C /* Release */ = {
			isa = XCBuildConfiguration;
			buildSettings = {
				ASSETCATALOG_COMPILER_APPICON_NAME = AppIcon;
				ASSETCATALOG_COMPILER_GLOBAL_ACCENT_COLOR_NAME = AccentColor;
				CODE_SIGN_STYLE = Automatic;
				CURRENT_PROJECT_VERSION = 1;
				DEVELOPMENT_ASSET_PATHS = "\"test0708/Preview Content\"";
				DEVELOPMENT_TEAM = G898HPRNW4;
				ENABLE_PREVIEWS = YES;
				GENERATE_INFOPLIST_FILE = YES;
				INFOPLIST_FILE = test0708/Info.plist;
				INFOPLIST_KEY_UIApplicationSceneManifest_Generation = YES;
				INFOPLIST_KEY_UIApplicationSupportsIndirectInputEvents = YES;
				INFOPLIST_KEY_UILaunchScreen_Generation = YES;
				INFOPLIST_KEY_UISupportedInterfaceOrientations_iPad = "UIInterfaceOrientationPortrait UIInterfaceOrientationPortraitUpsideDown UIInterfaceOrientationLandscapeLeft UIInterfaceOrientationLandscapeRight";
				INFOPLIST_KEY_UISupportedInterfaceOrientations_iPhone = "UIInterfaceOrientationPortrait UIInterfaceOrientationLandscapeLeft UIInterfaceOrientationLandscapeRight";
				LD_RUNPATH_SEARCH_PATHS = (
					"$(inherited)",
					"@executable_path/Frameworks",
				);
				MARKETING_VERSION = 1.0;
				PRODUCT_BUNDLE_IDENTIFIER = test1.test0708;
				PRODUCT_NAME = "$(TARGET_NAME)";
				SWIFT_EMIT_LOC_STRINGS = YES;
				SWIFT_VERSION = 5.0;
				TARGETED_DEVICE_FAMILY = "1,2";
			};
			name = Release;
		};
/* End XCBuildConfiguration section */

/* Begin XCConfigurationList section */
		5FC21F112877CE240099381C /* Build configuration list for PBXProject "test0708" */ = {
			isa = XCConfigurationList;
			buildConfigurations = (
				5FC21F222877CE250099381C /* Debug */,
				5FC21F232877CE250099381C /* Release */,
			);
			defaultConfigurationIsVisible = 0;
			defaultConfigurationName = Release;
		};
		5FC21F242877CE250099381C /* Build configuration list for PBXNativeTarget "test0708" */ = {
			isa = XCConfigurationList;
			buildConfigurations = (
				5FC21F252877CE250099381C /* Debug */,
				5FC21F262877CE250099381C /* Release */,
			);
			defaultConfigurationIsVisible = 0;
			defaultConfigurationName = Release;
		};
/* End XCConfigurationList section */
	};
	rootObject = 5FC21F0E2877CE240099381C /* Project object */;
}
