// !$*UTF8*$!
{
	archiveVersion = 1;
	classes = {
	};
	objectVersion = 55;
	objects = {

/* Begin PBXBuildFile section */
		5F0D33012A0227070005DB99 /* NotificationView.swift in Sources */ = {isa = PBXBuildFile; fileRef = 5F0D33002A0227070005DB99 /* NotificationView.swift */; };
		5F0D33032A0227180005DB99 /* NotificationController.swift in Sources */ = {isa = PBXBuildFile; fileRef = 5F0D33022A0227180005DB99 /* NotificationController.swift */; };
		5F0D33092A023D4A0005DB99 /* calendar.swift in Sources */ = {isa = PBXBuildFile; fileRef = 5FBD49182887DE3C00E4698B /* calendar.swift */; };
		5F0D33142A023D8F0005DB99 /* Attribute.swift in Sources */ = {isa = PBXBuildFile; fileRef = 5F6BBAE628F01AFC004DAC7A /* Attribute.swift */; };
		5F0D33162A023DEE0005DB99 /* CalendarForScroll.swift in Sources */ = {isa = PBXBuildFile; fileRef = 5F993B722941C4FA0066055B /* CalendarForScroll.swift */; };
		5F0D33202A0250170005DB99 /* NewWatchView.swift in Sources */ = {isa = PBXBuildFile; fileRef = 5F0D331F2A0250170005DB99 /* NewWatchView.swift */; };
		5F0D33212A0250170005DB99 /* NewWatchView.swift in Sources */ = {isa = PBXBuildFile; fileRef = 5F0D331F2A0250170005DB99 /* NewWatchView.swift */; };
		5F0D33222A0255160005DB99 /* test0708App.swift in Sources */ = {isa = PBXBuildFile; fileRef = 5FC21F192877CE240099381C /* test0708App.swift */; };
		5F0D33242A02552C0005DB99 /* WatchTest0708App.swift in Sources */ = {isa = PBXBuildFile; fileRef = 5F0D33182A023ECF0005DB99 /* WatchTest0708App.swift */; };
		5F1BD51628AF85C7002800F9 /* cardGame.swift in Sources */ = {isa = PBXBuildFile; fileRef = 5F1BD51528AF85C7002800F9 /* cardGame.swift */; };
		5F2536B928C87CC1004FF9E6 /* AnimationTest.swift in Sources */ = {isa = PBXBuildFile; fileRef = 5F2536B828C87CC1004FF9E6 /* AnimationTest.swift */; };
		5F3247CB2AA0359900C3F69F /* scrollTest.swift in Sources */ = {isa = PBXBuildFile; fileRef = 5F3247CA2AA0359900C3F69F /* scrollTest.swift */; };
		5F3BF4DF29FA170000F1A2A7 /* custom.swift in Sources */ = {isa = PBXBuildFile; fileRef = 5F3BF4DE29FA170000F1A2A7 /* custom.swift */; };
		5F45F2A428C9740E001CFC69 /* GaugeTest.swift in Sources */ = {isa = PBXBuildFile; fileRef = 5F45F2A328C9740E001CFC69 /* GaugeTest.swift */; };
		5F4EE982292B09FE00459FCD /* Algorithms in Frameworks */ = {isa = PBXBuildFile; productRef = 5F4EE981292B09FE00459FCD /* Algorithms */; };
		5F6BBACF28F01ACE004DAC7A /* WidgetKit.framework in Frameworks */ = {isa = PBXBuildFile; fileRef = 5F6BBACE28F01ACE004DAC7A /* WidgetKit.framework */; };
		5F6BBAD128F01ACE004DAC7A /* SwiftUI.framework in Frameworks */ = {isa = PBXBuildFile; fileRef = 5F6BBAD028F01ACE004DAC7A /* SwiftUI.framework */; };
		5F6BBAD428F01ACE004DAC7A /* test0708widgetBundle.swift in Sources */ = {isa = PBXBuildFile; fileRef = 5F6BBAD328F01ACE004DAC7A /* test0708widgetBundle.swift */; };
		5F6BBAD628F01ACE004DAC7A /* test0708widgetLiveActivity.swift in Sources */ = {isa = PBXBuildFile; fileRef = 5F6BBAD528F01ACE004DAC7A /* test0708widgetLiveActivity.swift */; };
		5F6BBAD828F01ACE004DAC7A /* test0708widget.swift in Sources */ = {isa = PBXBuildFile; fileRef = 5F6BBAD728F01ACE004DAC7A /* test0708widget.swift */; };
		5F6BBADB28F01ACF004DAC7A /* Assets.xcassets in Resources */ = {isa = PBXBuildFile; fileRef = 5F6BBADA28F01ACF004DAC7A /* Assets.xcassets */; };
		5F6BBADD28F01ACF004DAC7A /* test0708widget.intentdefinition in Sources */ = {isa = PBXBuildFile; fileRef = 5F6BBAD928F01ACE004DAC7A /* test0708widget.intentdefinition */; };
		5F6BBADE28F01ACF004DAC7A /* test0708widget.intentdefinition in Sources */ = {isa = PBXBuildFile; fileRef = 5F6BBAD928F01ACE004DAC7A /* test0708widget.intentdefinition */; };
		5F6BBAE128F01ACF004DAC7A /* test0708widgetExtension.appex in Embed Foundation Extensions */ = {isa = PBXBuildFile; fileRef = 5F6BBACC28F01ACE004DAC7A /* test0708widgetExtension.appex */; settings = {ATTRIBUTES = (RemoveHeadersOnCopy, ); }; };
		5F6BBAE728F01AFC004DAC7A /* Attribute.swift in Sources */ = {isa = PBXBuildFile; fileRef = 5F6BBAE628F01AFC004DAC7A /* Attribute.swift */; };
		5F6BBAE928F01B22004DAC7A /* islandTest.swift in Sources */ = {isa = PBXBuildFile; fileRef = 5F6BBAE828F01B22004DAC7A /* islandTest.swift */; };
		5F7AE12B28AE356E00DA4173 /* cardFlip.swift in Sources */ = {isa = PBXBuildFile; fileRef = 5F7AE12A28AE356E00DA4173 /* cardFlip.swift */; };
		5F868E7A28B736AF00549A4D /* HapticManager.swift in Sources */ = {isa = PBXBuildFile; fileRef = 5F868E7928B736AF00549A4D /* HapticManager.swift */; };
		5F868E7C28B739C300549A4D /* HapticTest.swift in Sources */ = {isa = PBXBuildFile; fileRef = 5F868E7B28B739C300549A4D /* HapticTest.swift */; };
		5F993B732941C4FA0066055B /* CalendarForScroll.swift in Sources */ = {isa = PBXBuildFile; fileRef = 5F993B722941C4FA0066055B /* CalendarForScroll.swift */; };
		5FA3FB3729C42866007771BD /* DropGridViewModel.swift in Sources */ = {isa = PBXBuildFile; fileRef = 5FA3FB3629C42866007771BD /* DropGridViewModel.swift */; };
		5FA414D528D1558F00579E4F /* MyAppDelegate.swift in Sources */ = {isa = PBXBuildFile; fileRef = 5FA414D428D1558F00579E4F /* MyAppDelegate.swift */; };
		5FA414D728D156CE00579E4F /* MySceneDelegate.swift in Sources */ = {isa = PBXBuildFile; fileRef = 5FA414D628D156CE00579E4F /* MySceneDelegate.swift */; };
		5FBD49192887DE3C00E4698B /* calendar.swift in Sources */ = {isa = PBXBuildFile; fileRef = 5FBD49182887DE3C00E4698B /* calendar.swift */; };
		5FC21F1C2877CE240099381C /* ContentView.swift in Sources */ = {isa = PBXBuildFile; fileRef = 5FC21F1B2877CE240099381C /* ContentView.swift */; };
		5FC21F1E2877CE250099381C /* Assets.xcassets in Resources */ = {isa = PBXBuildFile; fileRef = 5FC21F1D2877CE250099381C /* Assets.xcassets */; };
		5FC21F212877CE250099381C /* Preview Assets.xcassets in Resources */ = {isa = PBXBuildFile; fileRef = 5FC21F202877CE250099381C /* Preview Assets.xcassets */; };
		5FCA27EB2A0217D900C1ADFB /* ContentView.swift in Sources */ = {isa = PBXBuildFile; fileRef = 5FCA27EA2A0217D900C1ADFB /* ContentView.swift */; };
		5FCA27ED2A0217DB00C1ADFB /* Assets.xcassets in Resources */ = {isa = PBXBuildFile; fileRef = 5FCA27EC2A0217DB00C1ADFB /* Assets.xcassets */; };
		5FCA27F02A0217DB00C1ADFB /* Preview Assets.xcassets in Resources */ = {isa = PBXBuildFile; fileRef = 5FCA27EF2A0217DB00C1ADFB /* Preview Assets.xcassets */; };
		5FCA27F32A0217DB00C1ADFB /* WatchTest0708 Watch App.app in Embed Watch Content */ = {isa = PBXBuildFile; fileRef = 5FCA27E62A0217D800C1ADFB /* WatchTest0708 Watch App.app */; settings = {ATTRIBUTES = (RemoveHeadersOnCopy, ); }; };
		5FCB0ADA28B36F9300E9B9FC /* URLTest.swift in Sources */ = {isa = PBXBuildFile; fileRef = 5FCB0AD928B36F9300E9B9FC /* URLTest.swift */; };
		5FF0D3292893A62800D6FA7C /* GestureTest.swift in Sources */ = {isa = PBXBuildFile; fileRef = 5FF0D3282893A62800D6FA7C /* GestureTest.swift */; };
/* End PBXBuildFile section */

/* Begin PBXContainerItemProxy section */
		5F6BBADF28F01ACF004DAC7A /* PBXContainerItemProxy */ = {
			isa = PBXContainerItemProxy;
			containerPortal = 5FC21F0E2877CE240099381C /* Project object */;
			proxyType = 1;
			remoteGlobalIDString = 5F6BBACB28F01ACE004DAC7A;
			remoteInfo = test0708widgetExtension;
		};
		5FCA27F12A0217DB00C1ADFB /* PBXContainerItemProxy */ = {
			isa = PBXContainerItemProxy;
			containerPortal = 5FC21F0E2877CE240099381C /* Project object */;
			proxyType = 1;
			remoteGlobalIDString = 5FCA27E52A0217D800C1ADFB;
			remoteInfo = "WatchTest0708 Watch App";
		};
/* End PBXContainerItemProxy section */

/* Begin PBXCopyFilesBuildPhase section */
		5F6BBAE228F01AD0004DAC7A /* Embed Foundation Extensions */ = {
			isa = PBXCopyFilesBuildPhase;
			buildActionMask = 2147483647;
			dstPath = "";
			dstSubfolderSpec = 13;
			files = (
				5F6BBAE128F01ACF004DAC7A /* test0708widgetExtension.appex in Embed Foundation Extensions */,
			);
			name = "Embed Foundation Extensions";
			runOnlyForDeploymentPostprocessing = 0;
		};
		5FCA27F42A0217DB00C1ADFB /* Embed Watch Content */ = {
			isa = PBXCopyFilesBuildPhase;
			buildActionMask = 2147483647;
			dstPath = "$(CONTENTS_FOLDER_PATH)/Watch";
			dstSubfolderSpec = 16;
			files = (
				5FCA27F32A0217DB00C1ADFB /* WatchTest0708 Watch App.app in Embed Watch Content */,
			);
			name = "Embed Watch Content";
			runOnlyForDeploymentPostprocessing = 0;
		};
/* End PBXCopyFilesBuildPhase section */

/* Begin PBXFileReference section */
		5F0D33002A0227070005DB99 /* NotificationView.swift */ = {isa = PBXFileReference; lastKnownFileType = sourcecode.swift; path = NotificationView.swift; sourceTree = "<group>"; };
		5F0D33022A0227180005DB99 /* NotificationController.swift */ = {isa = PBXFileReference; lastKnownFileType = sourcecode.swift; path = NotificationController.swift; sourceTree = "<group>"; };
		5F0D33182A023ECF0005DB99 /* WatchTest0708App.swift */ = {isa = PBXFileReference; fileEncoding = 4; lastKnownFileType = sourcecode.swift; path = WatchTest0708App.swift; sourceTree = "<group>"; };
		5F0D331F2A0250170005DB99 /* NewWatchView.swift */ = {isa = PBXFileReference; lastKnownFileType = sourcecode.swift; path = NewWatchView.swift; sourceTree = "<group>"; };
		5F1BD51528AF85C7002800F9 /* cardGame.swift */ = {isa = PBXFileReference; lastKnownFileType = sourcecode.swift; path = cardGame.swift; sourceTree = "<group>"; };
		5F2536B828C87CC1004FF9E6 /* AnimationTest.swift */ = {isa = PBXFileReference; lastKnownFileType = sourcecode.swift; path = AnimationTest.swift; sourceTree = "<group>"; };
		5F3247CA2AA0359900C3F69F /* scrollTest.swift */ = {isa = PBXFileReference; lastKnownFileType = sourcecode.swift; path = scrollTest.swift; sourceTree = "<group>"; };
		5F3BF4DE29FA170000F1A2A7 /* custom.swift */ = {isa = PBXFileReference; lastKnownFileType = sourcecode.swift; path = custom.swift; sourceTree = "<group>"; };
		5F45F2A328C9740E001CFC69 /* GaugeTest.swift */ = {isa = PBXFileReference; lastKnownFileType = sourcecode.swift; path = GaugeTest.swift; sourceTree = "<group>"; };
		5F6BBACC28F01ACE004DAC7A /* test0708widgetExtension.appex */ = {isa = PBXFileReference; explicitFileType = "wrapper.app-extension"; includeInIndex = 0; path = test0708widgetExtension.appex; sourceTree = BUILT_PRODUCTS_DIR; };
		5F6BBACE28F01ACE004DAC7A /* WidgetKit.framework */ = {isa = PBXFileReference; lastKnownFileType = wrapper.framework; name = WidgetKit.framework; path = System/Library/Frameworks/WidgetKit.framework; sourceTree = SDKROOT; };
		5F6BBAD028F01ACE004DAC7A /* SwiftUI.framework */ = {isa = PBXFileReference; lastKnownFileType = wrapper.framework; name = SwiftUI.framework; path = System/Library/Frameworks/SwiftUI.framework; sourceTree = SDKROOT; };
		5F6BBAD328F01ACE004DAC7A /* test0708widgetBundle.swift */ = {isa = PBXFileReference; lastKnownFileType = sourcecode.swift; path = test0708widgetBundle.swift; sourceTree = "<group>"; };
		5F6BBAD528F01ACE004DAC7A /* test0708widgetLiveActivity.swift */ = {isa = PBXFileReference; lastKnownFileType = sourcecode.swift; path = test0708widgetLiveActivity.swift; sourceTree = "<group>"; };
		5F6BBAD728F01ACE004DAC7A /* test0708widget.swift */ = {isa = PBXFileReference; lastKnownFileType = sourcecode.swift; path = test0708widget.swift; sourceTree = "<group>"; };
		5F6BBAD928F01ACE004DAC7A /* test0708widget.intentdefinition */ = {isa = PBXFileReference; lastKnownFileType = file.intentdefinition; path = test0708widget.intentdefinition; sourceTree = "<group>"; };
		5F6BBADA28F01ACF004DAC7A /* Assets.xcassets */ = {isa = PBXFileReference; lastKnownFileType = folder.assetcatalog; path = Assets.xcassets; sourceTree = "<group>"; };
		5F6BBADC28F01ACF004DAC7A /* Info.plist */ = {isa = PBXFileReference; lastKnownFileType = text.plist.xml; path = Info.plist; sourceTree = "<group>"; };
		5F6BBAE628F01AFC004DAC7A /* Attribute.swift */ = {isa = PBXFileReference; lastKnownFileType = sourcecode.swift; path = Attribute.swift; sourceTree = "<group>"; };
		5F6BBAE828F01B22004DAC7A /* islandTest.swift */ = {isa = PBXFileReference; lastKnownFileType = sourcecode.swift; path = islandTest.swift; sourceTree = "<group>"; };
		5F7AE12A28AE356E00DA4173 /* cardFlip.swift */ = {isa = PBXFileReference; lastKnownFileType = sourcecode.swift; path = cardFlip.swift; sourceTree = "<group>"; };
		5F868E7928B736AF00549A4D /* HapticManager.swift */ = {isa = PBXFileReference; lastKnownFileType = sourcecode.swift; path = HapticManager.swift; sourceTree = "<group>"; };
		5F868E7B28B739C300549A4D /* HapticTest.swift */ = {isa = PBXFileReference; lastKnownFileType = sourcecode.swift; path = HapticTest.swift; sourceTree = "<group>"; };
		5F993B722941C4FA0066055B /* CalendarForScroll.swift */ = {isa = PBXFileReference; lastKnownFileType = sourcecode.swift; path = CalendarForScroll.swift; sourceTree = "<group>"; };
		5FA3FB3629C42866007771BD /* DropGridViewModel.swift */ = {isa = PBXFileReference; lastKnownFileType = sourcecode.swift; path = DropGridViewModel.swift; sourceTree = "<group>"; };
		5FA414D428D1558F00579E4F /* MyAppDelegate.swift */ = {isa = PBXFileReference; lastKnownFileType = sourcecode.swift; path = MyAppDelegate.swift; sourceTree = "<group>"; };
		5FA414D628D156CE00579E4F /* MySceneDelegate.swift */ = {isa = PBXFileReference; lastKnownFileType = sourcecode.swift; path = MySceneDelegate.swift; sourceTree = "<group>"; };
		5FBD49182887DE3C00E4698B /* calendar.swift */ = {isa = PBXFileReference; lastKnownFileType = sourcecode.swift; path = calendar.swift; sourceTree = "<group>"; };
		5FC21F162877CE240099381C /* test0708.app */ = {isa = PBXFileReference; explicitFileType = wrapper.application; includeInIndex = 0; path = test0708.app; sourceTree = BUILT_PRODUCTS_DIR; };
		5FC21F192877CE240099381C /* test0708App.swift */ = {isa = PBXFileReference; lastKnownFileType = sourcecode.swift; path = test0708App.swift; sourceTree = "<group>"; };
		5FC21F1B2877CE240099381C /* ContentView.swift */ = {isa = PBXFileReference; lastKnownFileType = sourcecode.swift; path = ContentView.swift; sourceTree = "<group>"; };
		5FC21F1D2877CE250099381C /* Assets.xcassets */ = {isa = PBXFileReference; lastKnownFileType = folder.assetcatalog; path = Assets.xcassets; sourceTree = "<group>"; };
		5FC21F202877CE250099381C /* Preview Assets.xcassets */ = {isa = PBXFileReference; lastKnownFileType = folder.assetcatalog; path = "Preview Assets.xcassets"; sourceTree = "<group>"; };
		5FCA27E62A0217D800C1ADFB /* WatchTest0708 Watch App.app */ = {isa = PBXFileReference; explicitFileType = wrapper.application; includeInIndex = 0; path = "WatchTest0708 Watch App.app"; sourceTree = BUILT_PRODUCTS_DIR; };
		5FCA27EA2A0217D900C1ADFB /* ContentView.swift */ = {isa = PBXFileReference; lastKnownFileType = sourcecode.swift; path = ContentView.swift; sourceTree = "<group>"; };
		5FCA27EC2A0217DB00C1ADFB /* Assets.xcassets */ = {isa = PBXFileReference; lastKnownFileType = folder.assetcatalog; path = Assets.xcassets; sourceTree = "<group>"; };
		5FCA27EF2A0217DB00C1ADFB /* Preview Assets.xcassets */ = {isa = PBXFileReference; lastKnownFileType = folder.assetcatalog; path = "Preview Assets.xcassets"; sourceTree = "<group>"; };
		5FCB0AD928B36F9300E9B9FC /* URLTest.swift */ = {isa = PBXFileReference; lastKnownFileType = sourcecode.swift; path = URLTest.swift; sourceTree = "<group>"; };
		5FCB0ADB28B3744600E9B9FC /* Info.plist */ = {isa = PBXFileReference; lastKnownFileType = text.plist; path = Info.plist; sourceTree = "<group>"; };
		5FF0D3282893A62800D6FA7C /* GestureTest.swift */ = {isa = PBXFileReference; lastKnownFileType = sourcecode.swift; path = GestureTest.swift; sourceTree = "<group>"; };
/* End PBXFileReference section */

/* Begin PBXFrameworksBuildPhase section */
		5F6BBAC928F01ACE004DAC7A /* Frameworks */ = {
			isa = PBXFrameworksBuildPhase;
			buildActionMask = 2147483647;
			files = (
				5F6BBAD128F01ACE004DAC7A /* SwiftUI.framework in Frameworks */,
				5F6BBACF28F01ACE004DAC7A /* WidgetKit.framework in Frameworks */,
			);
			runOnlyForDeploymentPostprocessing = 0;
		};
		5FC21F132877CE240099381C /* Frameworks */ = {
			isa = PBXFrameworksBuildPhase;
			buildActionMask = 2147483647;
			files = (
				5F4EE982292B09FE00459FCD /* Algorithms in Frameworks */,
			);
			runOnlyForDeploymentPostprocessing = 0;
		};
		5FCA27E32A0217D800C1ADFB /* Frameworks */ = {
			isa = PBXFrameworksBuildPhase;
			buildActionMask = 2147483647;
			files = (
			);
			runOnlyForDeploymentPostprocessing = 0;
		};
/* End PBXFrameworksBuildPhase section */

/* Begin PBXGroup section */
		5F34C17229F600790013F4F6 /* Calendar */ = {
			isa = PBXGroup;
			children = (
				5FBD49182887DE3C00E4698B /* calendar.swift */,
				5F993B722941C4FA0066055B /* CalendarForScroll.swift */,
			);
			path = Calendar;
			sourceTree = "<group>";
		};
		5F34C17329F601140013F4F6 /* CardGame */ = {
			isa = PBXGroup;
			children = (
				5F7AE12A28AE356E00DA4173 /* cardFlip.swift */,
				5F1BD51528AF85C7002800F9 /* cardGame.swift */,
			);
			path = CardGame;
			sourceTree = "<group>";
		};
		5F34C17429F6014D0013F4F6 /* Haptic */ = {
			isa = PBXGroup;
			children = (
				5F868E7928B736AF00549A4D /* HapticManager.swift */,
				5F868E7B28B739C300549A4D /* HapticTest.swift */,
			);
			path = Haptic;
			sourceTree = "<group>";
		};
		5F6BBACD28F01ACE004DAC7A /* Frameworks */ = {
			isa = PBXGroup;
			children = (
				5F6BBACE28F01ACE004DAC7A /* WidgetKit.framework */,
				5F6BBAD028F01ACE004DAC7A /* SwiftUI.framework */,
			);
			name = Frameworks;
			sourceTree = "<group>";
		};
		5F6BBAD228F01ACE004DAC7A /* test0708widget */ = {
			isa = PBXGroup;
			children = (
				5F6BBAD328F01ACE004DAC7A /* test0708widgetBundle.swift */,
				5F6BBAD528F01ACE004DAC7A /* test0708widgetLiveActivity.swift */,
				5F6BBAD728F01ACE004DAC7A /* test0708widget.swift */,
				5F6BBAD928F01ACE004DAC7A /* test0708widget.intentdefinition */,
				5F6BBADA28F01ACF004DAC7A /* Assets.xcassets */,
				5F6BBADC28F01ACF004DAC7A /* Info.plist */,
			);
			path = test0708widget;
			sourceTree = "<group>";
		};
		5FC21F0D2877CE240099381C = {
			isa = PBXGroup;
			children = (
				5FC21F182877CE240099381C /* test0708 */,
				5F6BBAD228F01ACE004DAC7A /* test0708widget */,
				5FCA27E72A0217D900C1ADFB /* WatchTest0708 Watch App */,
				5F6BBACD28F01ACE004DAC7A /* Frameworks */,
				5FC21F172877CE240099381C /* Products */,
			);
			sourceTree = "<group>";
		};
		5FC21F172877CE240099381C /* Products */ = {
			isa = PBXGroup;
			children = (
				5FC21F162877CE240099381C /* test0708.app */,
				5F6BBACC28F01ACE004DAC7A /* test0708widgetExtension.appex */,
				5FCA27E62A0217D800C1ADFB /* WatchTest0708 Watch App.app */,
			);
			name = Products;
			sourceTree = "<group>";
		};
		5FC21F182877CE240099381C /* test0708 */ = {
			isa = PBXGroup;
			children = (
				5FCB0ADB28B3744600E9B9FC /* Info.plist */,
				5FA414D428D1558F00579E4F /* MyAppDelegate.swift */,
				5FA414D628D156CE00579E4F /* MySceneDelegate.swift */,
				5F6BBAE628F01AFC004DAC7A /* Attribute.swift */,
				5FC21F192877CE240099381C /* test0708App.swift */,
				5FC21F1B2877CE240099381C /* ContentView.swift */,
				5FA3FB3629C42866007771BD /* DropGridViewModel.swift */,
				5FCC5BB42949939C00D4054F /* GirdViews */,
				5F3BF4DE29FA170000F1A2A7 /* custom.swift */,
				5FC21F1D2877CE250099381C /* Assets.xcassets */,
				5FC21F1F2877CE250099381C /* Preview Content */,
			);
			path = test0708;
			sourceTree = "<group>";
		};
		5FC21F1F2877CE250099381C /* Preview Content */ = {
			isa = PBXGroup;
			children = (
				5FC21F202877CE250099381C /* Preview Assets.xcassets */,
			);
			path = "Preview Content";
			sourceTree = "<group>";
		};
		5FCA27E72A0217D900C1ADFB /* WatchTest0708 Watch App */ = {
			isa = PBXGroup;
			children = (
				5F0D33182A023ECF0005DB99 /* WatchTest0708App.swift */,
				5FCA27EA2A0217D900C1ADFB /* ContentView.swift */,
				5F0D331F2A0250170005DB99 /* NewWatchView.swift */,
				5FCA27EC2A0217DB00C1ADFB /* Assets.xcassets */,
				5FCA27EE2A0217DB00C1ADFB /* Preview Content */,
				5F0D33002A0227070005DB99 /* NotificationView.swift */,
				5F0D33022A0227180005DB99 /* NotificationController.swift */,
			);
			path = "WatchTest0708 Watch App";
			sourceTree = "<group>";
		};
		5FCA27EE2A0217DB00C1ADFB /* Preview Content */ = {
			isa = PBXGroup;
			children = (
				5FCA27EF2A0217DB00C1ADFB /* Preview Assets.xcassets */,
			);
			path = "Preview Content";
			sourceTree = "<group>";
		};
		5FCC5BB42949939C00D4054F /* GirdViews */ = {
			isa = PBXGroup;
			children = (
				5F34C17429F6014D0013F4F6 /* Haptic */,
				5F34C17329F601140013F4F6 /* CardGame */,
				5F34C17229F600790013F4F6 /* Calendar */,
				5FF0D3282893A62800D6FA7C /* GestureTest.swift */,
				5FCB0AD928B36F9300E9B9FC /* URLTest.swift */,
				5F2536B828C87CC1004FF9E6 /* AnimationTest.swift */,
				5F45F2A328C9740E001CFC69 /* GaugeTest.swift */,
				5F6BBAE828F01B22004DAC7A /* islandTest.swift */,
				5F3247CA2AA0359900C3F69F /* scrollTest.swift */,
			);
			path = GirdViews;
			sourceTree = "<group>";
		};
/* End PBXGroup section */

/* Begin PBXNativeTarget section */
		5F6BBACB28F01ACE004DAC7A /* test0708widgetExtension */ = {
			isa = PBXNativeTarget;
			buildConfigurationList = 5F6BBAE528F01AD0004DAC7A /* Build configuration list for PBXNativeTarget "test0708widgetExtension" */;
			buildPhases = (
				5F6BBAC828F01ACE004DAC7A /* Sources */,
				5F6BBAC928F01ACE004DAC7A /* Frameworks */,
				5F6BBACA28F01ACE004DAC7A /* Resources */,
			);
			buildRules = (
			);
			dependencies = (
			);
			name = test0708widgetExtension;
			productName = test0708widgetExtension;
			productReference = 5F6BBACC28F01ACE004DAC7A /* test0708widgetExtension.appex */;
			productType = "com.apple.product-type.app-extension";
		};
		5FC21F152877CE240099381C /* test0708 */ = {
			isa = PBXNativeTarget;
			buildConfigurationList = 5FC21F242877CE250099381C /* Build configuration list for PBXNativeTarget "test0708" */;
			buildPhases = (
				5FC21F122877CE240099381C /* Sources */,
				5FC21F132877CE240099381C /* Frameworks */,
				5FC21F142877CE240099381C /* Resources */,
				5F6BBAE228F01AD0004DAC7A /* Embed Foundation Extensions */,
				5FCA27F42A0217DB00C1ADFB /* Embed Watch Content */,
				5F2217762A56B5630087F452 /* ShellScript */,
			);
			buildRules = (
			);
			dependencies = (
				5F6BBAE028F01ACF004DAC7A /* PBXTargetDependency */,
				5FCA27F22A0217DB00C1ADFB /* PBXTargetDependency */,
			);
			name = test0708;
			packageProductDependencies = (
				5F4EE981292B09FE00459FCD /* Algorithms */,
			);
			productName = test0708;
			productReference = 5FC21F162877CE240099381C /* test0708.app */;
			productType = "com.apple.product-type.application";
		};
		5FCA27E52A0217D800C1ADFB /* WatchTest0708 Watch App */ = {
			isa = PBXNativeTarget;
			buildConfigurationList = 5FCA27F72A0217DB00C1ADFB /* Build configuration list for PBXNativeTarget "WatchTest0708 Watch App" */;
			buildPhases = (
				5FCA27E22A0217D800C1ADFB /* Sources */,
				5FCA27E32A0217D800C1ADFB /* Frameworks */,
				5FCA27E42A0217D800C1ADFB /* Resources */,
			);
			buildRules = (
			);
			dependencies = (
			);
			name = "WatchTest0708 Watch App";
			productName = "WatchTest0708 Watch App";
			productReference = 5FCA27E62A0217D800C1ADFB /* WatchTest0708 Watch App.app */;
			productType = "com.apple.product-type.application";
		};
/* End PBXNativeTarget section */

/* Begin PBXProject section */
		5FC21F0E2877CE240099381C /* Project object */ = {
			isa = PBXProject;
			attributes = {
				BuildIndependentTargetsInParallel = 1;
				LastSwiftUpdateCheck = 1430;
				LastUpgradeCheck = 1500;
				TargetAttributes = {
					5F6BBACB28F01ACE004DAC7A = {
						CreatedOnToolsVersion = 14.1;
					};
					5FC21F152877CE240099381C = {
						CreatedOnToolsVersion = 13.4;
					};
					5FCA27E52A0217D800C1ADFB = {
						CreatedOnToolsVersion = 14.3;
					};
				};
			};
			buildConfigurationList = 5FC21F112877CE240099381C /* Build configuration list for PBXProject "test0708" */;
			compatibilityVersion = "Xcode 13.0";
			developmentRegion = en;
			hasScannedForEncodings = 0;
			knownRegions = (
				en,
				Base,
			);
			mainGroup = 5FC21F0D2877CE240099381C;
			packageReferences = (
				5F4EE980292B09FE00459FCD /* XCRemoteSwiftPackageReference "swift-algorithms" */,
			);
			productRefGroup = 5FC21F172877CE240099381C /* Products */;
			projectDirPath = "";
			projectRoot = "";
			targets = (
				5FC21F152877CE240099381C /* test0708 */,
				5F6BBACB28F01ACE004DAC7A /* test0708widgetExtension */,
				5FCA27E52A0217D800C1ADFB /* WatchTest0708 Watch App */,
			);
		};
/* End PBXProject section */

/* Begin PBXResourcesBuildPhase section */
		5F6BBACA28F01ACE004DAC7A /* Resources */ = {
			isa = PBXResourcesBuildPhase;
			buildActionMask = 2147483647;
			files = (
				5F6BBADB28F01ACF004DAC7A /* Assets.xcassets in Resources */,
			);
			runOnlyForDeploymentPostprocessing = 0;
		};
		5FC21F142877CE240099381C /* Resources */ = {
			isa = PBXResourcesBuildPhase;
			buildActionMask = 2147483647;
			files = (
				5FC21F212877CE250099381C /* Preview Assets.xcassets in Resources */,
				5FC21F1E2877CE250099381C /* Assets.xcassets in Resources */,
			);
			runOnlyForDeploymentPostprocessing = 0;
		};
		5FCA27E42A0217D800C1ADFB /* Resources */ = {
			isa = PBXResourcesBuildPhase;
			buildActionMask = 2147483647;
			files = (
				5FCA27F02A0217DB00C1ADFB /* Preview Assets.xcassets in Resources */,
				5FCA27ED2A0217DB00C1ADFB /* Assets.xcassets in Resources */,
			);
			runOnlyForDeploymentPostprocessing = 0;
		};
/* End PBXResourcesBuildPhase section */

/* Begin PBXShellScriptBuildPhase section */
		5F2217762A56B5630087F452 /* ShellScript */ = {
			isa = PBXShellScriptBuildPhase;
			buildActionMask = 12;
			files = (
			);
			inputFileListPaths = (
			);
			inputPaths = (
			);
			outputFileListPaths = (
			);
			outputPaths = (
			);
			runOnlyForDeploymentPostprocessing = 0;
			shellPath = /bin/sh;
			shellScript = "TAGS=\"TODO:|FIXME:\"\n    ERRORTAG=\"DANGER:|ERROR:\"\n    find \"${SRCROOT}\" \\( -name \"*.swift\" \\) -print0 | xargs -0 egrep --with-filename --line-number --only-matching \"($TAGS).*\\$|($ERRORTAG).*\\$\" | perl -p -e \"s/($TAGS)/ warning: \\$1/\" | perl -p -e \"s/($ERRORTAG)/ error: \\$1/\"\n";
		};
/* End PBXShellScriptBuildPhase section */

/* Begin PBXSourcesBuildPhase section */
		5F6BBAC828F01ACE004DAC7A /* Sources */ = {
			isa = PBXSourcesBuildPhase;
			buildActionMask = 2147483647;
			files = (
				5F0D33142A023D8F0005DB99 /* Attribute.swift in Sources */,
				5F6BBAD828F01ACE004DAC7A /* test0708widget.swift in Sources */,
				5F6BBAD628F01ACE004DAC7A /* test0708widgetLiveActivity.swift in Sources */,
				5F6BBAD428F01ACE004DAC7A /* test0708widgetBundle.swift in Sources */,
				5F6BBADD28F01ACF004DAC7A /* test0708widget.intentdefinition in Sources */,
			);
			runOnlyForDeploymentPostprocessing = 0;
		};
		5FC21F122877CE240099381C /* Sources */ = {
			isa = PBXSourcesBuildPhase;
			buildActionMask = 2147483647;
			files = (
				5FC21F1C2877CE240099381C /* ContentView.swift in Sources */,
				5F6BBAE928F01B22004DAC7A /* islandTest.swift in Sources */,
				5FA414D728D156CE00579E4F /* MySceneDelegate.swift in Sources */,
				5FCB0ADA28B36F9300E9B9FC /* URLTest.swift in Sources */,
				5F6BBADE28F01ACF004DAC7A /* test0708widget.intentdefinition in Sources */,
				5F868E7C28B739C300549A4D /* HapticTest.swift in Sources */,
				5FA3FB3729C42866007771BD /* DropGridViewModel.swift in Sources */,
				5F2536B928C87CC1004FF9E6 /* AnimationTest.swift in Sources */,
				5F7AE12B28AE356E00DA4173 /* cardFlip.swift in Sources */,
				5F3BF4DF29FA170000F1A2A7 /* custom.swift in Sources */,
				5F6BBAE728F01AFC004DAC7A /* Attribute.swift in Sources */,
				5FBD49192887DE3C00E4698B /* calendar.swift in Sources */,
				5F0D33222A0255160005DB99 /* test0708App.swift in Sources */,
				5F0D33202A0250170005DB99 /* NewWatchView.swift in Sources */,
				5FA414D528D1558F00579E4F /* MyAppDelegate.swift in Sources */,
				5FF0D3292893A62800D6FA7C /* GestureTest.swift in Sources */,
				5F45F2A428C9740E001CFC69 /* GaugeTest.swift in Sources */,
				5F993B732941C4FA0066055B /* CalendarForScroll.swift in Sources */,
				5F868E7A28B736AF00549A4D /* HapticManager.swift in Sources */,
				5F3247CB2AA0359900C3F69F /* scrollTest.swift in Sources */,
				5F1BD51628AF85C7002800F9 /* cardGame.swift in Sources */,
			);
			runOnlyForDeploymentPostprocessing = 0;
		};
		5FCA27E22A0217D800C1ADFB /* Sources */ = {
			isa = PBXSourcesBuildPhase;
			buildActionMask = 2147483647;
			files = (
				5F0D33092A023D4A0005DB99 /* calendar.swift in Sources */,
				5FCA27EB2A0217D900C1ADFB /* ContentView.swift in Sources */,
				5F0D33212A0250170005DB99 /* NewWatchView.swift in Sources */,
				5F0D33242A02552C0005DB99 /* WatchTest0708App.swift in Sources */,
				5F0D33162A023DEE0005DB99 /* CalendarForScroll.swift in Sources */,
				5F0D33032A0227180005DB99 /* NotificationController.swift in Sources */,
				5F0D33012A0227070005DB99 /* NotificationView.swift in Sources */,
			);
			runOnlyForDeploymentPostprocessing = 0;
		};
/* End PBXSourcesBuildPhase section */

/* Begin PBXTargetDependency section */
		5F6BBAE028F01ACF004DAC7A /* PBXTargetDependency */ = {
			isa = PBXTargetDependency;
			target = 5F6BBACB28F01ACE004DAC7A /* test0708widgetExtension */;
			targetProxy = 5F6BBADF28F01ACF004DAC7A /* PBXContainerItemProxy */;
		};
		5FCA27F22A0217DB00C1ADFB /* PBXTargetDependency */ = {
			isa = PBXTargetDependency;
			target = 5FCA27E52A0217D800C1ADFB /* WatchTest0708 Watch App */;
			targetProxy = 5FCA27F12A0217DB00C1ADFB /* PBXContainerItemProxy */;
		};
/* End PBXTargetDependency section */

/* Begin XCBuildConfiguration section */
		5F6BBAE328F01AD0004DAC7A /* Debug */ = {
			isa = XCBuildConfiguration;
			buildSettings = {
				ASSETCATALOG_COMPILER_GLOBAL_ACCENT_COLOR_NAME = AccentColor;
				ASSETCATALOG_COMPILER_WIDGET_BACKGROUND_COLOR_NAME = WidgetBackground;
				CLANG_CXX_LANGUAGE_STANDARD = "gnu++20";
				CODE_SIGN_STYLE = Automatic;
				CURRENT_PROJECT_VERSION = 1;
				DEVELOPMENT_TEAM = 23Z89DEDAB;
				GENERATE_INFOPLIST_FILE = YES;
				INFOPLIST_FILE = test0708widget/Info.plist;
				INFOPLIST_KEY_CFBundleDisplayName = test0708widget;
				INFOPLIST_KEY_NSHumanReadableCopyright = "";
				IPHONEOS_DEPLOYMENT_TARGET = 16.1;
				LD_RUNPATH_SEARCH_PATHS = (
					"$(inherited)",
					"@executable_path/Frameworks",
					"@executable_path/../../Frameworks",
				);
				MARKETING_VERSION = 1.0;
				PRODUCT_BUNDLE_IDENTIFIER = test1.test0708.test0708widget;
				PRODUCT_NAME = "$(TARGET_NAME)";
				SKIP_INSTALL = YES;
				SWIFT_EMIT_LOC_STRINGS = YES;
				SWIFT_VERSION = 5.0;
				TARGETED_DEVICE_FAMILY = "1,2";
			};
			name = Debug;
		};
		5F6BBAE428F01AD0004DAC7A /* Release */ = {
			isa = XCBuildConfiguration;
			buildSettings = {
				ASSETCATALOG_COMPILER_GLOBAL_ACCENT_COLOR_NAME = AccentColor;
				ASSETCATALOG_COMPILER_WIDGET_BACKGROUND_COLOR_NAME = WidgetBackground;
				CLANG_CXX_LANGUAGE_STANDARD = "gnu++20";
				CODE_SIGN_STYLE = Automatic;
				CURRENT_PROJECT_VERSION = 1;
				DEVELOPMENT_TEAM = 23Z89DEDAB;
				GENERATE_INFOPLIST_FILE = YES;
				INFOPLIST_FILE = test0708widget/Info.plist;
				INFOPLIST_KEY_CFBundleDisplayName = test0708widget;
				INFOPLIST_KEY_NSHumanReadableCopyright = "";
				IPHONEOS_DEPLOYMENT_TARGET = 16.1;
				LD_RUNPATH_SEARCH_PATHS = (
					"$(inherited)",
					"@executable_path/Frameworks",
					"@executable_path/../../Frameworks",
				);
				MARKETING_VERSION = 1.0;
				PRODUCT_BUNDLE_IDENTIFIER = test1.test0708.test0708widget;
				PRODUCT_NAME = "$(TARGET_NAME)";
				SKIP_INSTALL = YES;
				SWIFT_EMIT_LOC_STRINGS = YES;
				SWIFT_VERSION = 5.0;
				TARGETED_DEVICE_FAMILY = "1,2";
			};
			name = Release;
		};
		5FC21F222877CE250099381C /* Debug */ = {
			isa = XCBuildConfiguration;
			buildSettings = {
				ALWAYS_SEARCH_USER_PATHS = NO;
				CLANG_ANALYZER_NONNULL = YES;
				CLANG_ANALYZER_NUMBER_OBJECT_CONVERSION = YES_AGGRESSIVE;
				CLANG_CXX_LANGUAGE_STANDARD = "gnu++17";
				CLANG_ENABLE_MODULES = YES;
				CLANG_ENABLE_OBJC_ARC = YES;
				CLANG_ENABLE_OBJC_WEAK = YES;
				CLANG_WARN_BLOCK_CAPTURE_AUTORELEASING = YES;
				CLANG_WARN_BOOL_CONVERSION = YES;
				CLANG_WARN_COMMA = YES;
				CLANG_WARN_CONSTANT_CONVERSION = YES;
				CLANG_WARN_DEPRECATED_OBJC_IMPLEMENTATIONS = YES;
				CLANG_WARN_DIRECT_OBJC_ISA_USAGE = YES_ERROR;
				CLANG_WARN_DOCUMENTATION_COMMENTS = YES;
				CLANG_WARN_EMPTY_BODY = YES;
				CLANG_WARN_ENUM_CONVERSION = YES;
				CLANG_WARN_INFINITE_RECURSION = YES;
				CLANG_WARN_INT_CONVERSION = YES;
				CLANG_WARN_NON_LITERAL_NULL_CONVERSION = YES;
				CLANG_WARN_OBJC_IMPLICIT_RETAIN_SELF = YES;
				CLANG_WARN_OBJC_LITERAL_CONVERSION = YES;
				CLANG_WARN_OBJC_ROOT_CLASS = YES_ERROR;
				CLANG_WARN_QUOTED_INCLUDE_IN_FRAMEWORK_HEADER = YES;
				CLANG_WARN_RANGE_LOOP_ANALYSIS = YES;
				CLANG_WARN_STRICT_PROTOTYPES = YES;
				CLANG_WARN_SUSPICIOUS_MOVE = YES;
				CLANG_WARN_UNGUARDED_AVAILABILITY = YES_AGGRESSIVE;
				CLANG_WARN_UNREACHABLE_CODE = YES;
				CLANG_WARN__DUPLICATE_METHOD_MATCH = YES;
				COPY_PHASE_STRIP = NO;
				DEBUG_INFORMATION_FORMAT = dwarf;
				ENABLE_STRICT_OBJC_MSGSEND = YES;
				ENABLE_TESTABILITY = YES;
				ENABLE_USER_SCRIPT_SANDBOXING = YES;
				GCC_C_LANGUAGE_STANDARD = gnu11;
				GCC_DYNAMIC_NO_PIC = NO;
				GCC_NO_COMMON_BLOCKS = YES;
				GCC_OPTIMIZATION_LEVEL = 0;
				GCC_PREPROCESSOR_DEFINITIONS = (
					"DEBUG=1",
					"$(inherited)",
				);
				GCC_WARN_64_TO_32_BIT_CONVERSION = YES;
				GCC_WARN_ABOUT_RETURN_TYPE = YES_ERROR;
				GCC_WARN_UNDECLARED_SELECTOR = YES;
				GCC_WARN_UNINITIALIZED_AUTOS = YES_AGGRESSIVE;
				GCC_WARN_UNUSED_FUNCTION = YES;
				GCC_WARN_UNUSED_VARIABLE = YES;
				IPHONEOS_DEPLOYMENT_TARGET = 16.4;
				MTL_ENABLE_DEBUG_INFO = INCLUDE_SOURCE;
				MTL_FAST_MATH = YES;
				ONLY_ACTIVE_ARCH = YES;
				SDKROOT = iphoneos;
				SWIFT_ACTIVE_COMPILATION_CONDITIONS = DEBUG;
				SWIFT_OPTIMIZATION_LEVEL = "-Onone";
				WATCHOS_DEPLOYMENT_TARGET = 9.4;
			};
			name = Debug;
		};
		5FC21F232877CE250099381C /* Release */ = {
			isa = XCBuildConfiguration;
			buildSettings = {
				ALWAYS_SEARCH_USER_PATHS = NO;
				CLANG_ANALYZER_NONNULL = YES;
				CLANG_ANALYZER_NUMBER_OBJECT_CONVERSION = YES_AGGRESSIVE;
				CLANG_CXX_LANGUAGE_STANDARD = "gnu++17";
				CLANG_ENABLE_MODULES = YES;
				CLANG_ENABLE_OBJC_ARC = YES;
				CLANG_ENABLE_OBJC_WEAK = YES;
				CLANG_WARN_BLOCK_CAPTURE_AUTORELEASING = YES;
				CLANG_WARN_BOOL_CONVERSION = YES;
				CLANG_WARN_COMMA = YES;
				CLANG_WARN_CONSTANT_CONVERSION = YES;
				CLANG_WARN_DEPRECATED_OBJC_IMPLEMENTATIONS = YES;
				CLANG_WARN_DIRECT_OBJC_ISA_USAGE = YES_ERROR;
				CLANG_WARN_DOCUMENTATION_COMMENTS = YES;
				CLANG_WARN_EMPTY_BODY = YES;
				CLANG_WARN_ENUM_CONVERSION = YES;
				CLANG_WARN_INFINITE_RECURSION = YES;
				CLANG_WARN_INT_CONVERSION = YES;
				CLANG_WARN_NON_LITERAL_NULL_CONVERSION = YES;
				CLANG_WARN_OBJC_IMPLICIT_RETAIN_SELF = YES;
				CLANG_WARN_OBJC_LITERAL_CONVERSION = YES;
				CLANG_WARN_OBJC_ROOT_CLASS = YES_ERROR;
				CLANG_WARN_QUOTED_INCLUDE_IN_FRAMEWORK_HEADER = YES;
				CLANG_WARN_RANGE_LOOP_ANALYSIS = YES;
				CLANG_WARN_STRICT_PROTOTYPES = YES;
				CLANG_WARN_SUSPICIOUS_MOVE = YES;
				CLANG_WARN_UNGUARDED_AVAILABILITY = YES_AGGRESSIVE;
				CLANG_WARN_UNREACHABLE_CODE = YES;
				CLANG_WARN__DUPLICATE_METHOD_MATCH = YES;
				COPY_PHASE_STRIP = NO;
				DEBUG_INFORMATION_FORMAT = "dwarf-with-dsym";
				ENABLE_NS_ASSERTIONS = NO;
				ENABLE_STRICT_OBJC_MSGSEND = YES;
				ENABLE_USER_SCRIPT_SANDBOXING = YES;
				GCC_C_LANGUAGE_STANDARD = gnu11;
				GCC_NO_COMMON_BLOCKS = YES;
				GCC_WARN_64_TO_32_BIT_CONVERSION = YES;
				GCC_WARN_ABOUT_RETURN_TYPE = YES_ERROR;
				GCC_WARN_UNDECLARED_SELECTOR = YES;
				GCC_WARN_UNINITIALIZED_AUTOS = YES_AGGRESSIVE;
				GCC_WARN_UNUSED_FUNCTION = YES;
				GCC_WARN_UNUSED_VARIABLE = YES;
				IPHONEOS_DEPLOYMENT_TARGET = 16.4;
				MTL_ENABLE_DEBUG_INFO = NO;
				MTL_FAST_MATH = YES;
				SDKROOT = iphoneos;
				SWIFT_COMPILATION_MODE = wholemodule;
				SWIFT_OPTIMIZATION_LEVEL = "-O";
				VALIDATE_PRODUCT = YES;
				WATCHOS_DEPLOYMENT_TARGET = 9.4;
			};
			name = Release;
		};
		5FC21F252877CE250099381C /* Debug */ = {
			isa = XCBuildConfiguration;
			buildSettings = {
				ALWAYS_EMBED_SWIFT_STANDARD_LIBRARIES = YES;
				ASSETCATALOG_COMPILER_APPICON_NAME = AppIcon;
				ASSETCATALOG_COMPILER_GLOBAL_ACCENT_COLOR_NAME = AccentColor;
				CODE_SIGN_STYLE = Automatic;
				CURRENT_PROJECT_VERSION = 1;
				DEVELOPMENT_ASSET_PATHS = "\"test0708/Preview Content\"";
				DEVELOPMENT_TEAM = 23Z89DEDAB;
				ENABLE_PREVIEWS = YES;
				GENERATE_INFOPLIST_FILE = YES;
				INFOPLIST_FILE = test0708/Info.plist;
				INFOPLIST_KEY_NSFaceIDUsageDescription = test;
				INFOPLIST_KEY_NSSupportsLiveActivities = YES;
				INFOPLIST_KEY_UIApplicationSceneManifest_Generation = YES;
				INFOPLIST_KEY_UIApplicationSupportsIndirectInputEvents = YES;
				INFOPLIST_KEY_UILaunchScreen_Generation = YES;
				INFOPLIST_KEY_UISupportedInterfaceOrientations = "UIInterfaceOrientationLandscapeLeft UIInterfaceOrientationLandscapeRight UIInterfaceOrientationPortrait UIInterfaceOrientationPortraitUpsideDown";
				IPHONEOS_DEPLOYMENT_TARGET = 17.0;
				LD_RUNPATH_SEARCH_PATHS = (
					"$(inherited)",
					"@executable_path/Frameworks",
				);
				MARKETING_VERSION = 1.0;
				PRODUCT_BUNDLE_IDENTIFIER = test1.test0708;
				PRODUCT_NAME = "$(TARGET_NAME)";
				SWIFT_EMIT_LOC_STRINGS = YES;
				SWIFT_VERSION = 5.0;
				TARGETED_DEVICE_FAMILY = "1,2";
			};
			name = Debug;
		};
		5FC21F262877CE250099381C /* Release */ = {
			isa = XCBuildConfiguration;
			buildSettings = {
				ALWAYS_EMBED_SWIFT_STANDARD_LIBRARIES = YES;
				ASSETCATALOG_COMPILER_APPICON_NAME = AppIcon;
				ASSETCATALOG_COMPILER_GLOBAL_ACCENT_COLOR_NAME = AccentColor;
				CODE_SIGN_STYLE = Automatic;
				CURRENT_PROJECT_VERSION = 1;
				DEVELOPMENT_ASSET_PATHS = "\"test0708/Preview Content\"";
				DEVELOPMENT_TEAM = 23Z89DEDAB;
				ENABLE_PREVIEWS = YES;
				GENERATE_INFOPLIST_FILE = YES;
				INFOPLIST_FILE = test0708/Info.plist;
				INFOPLIST_KEY_NSFaceIDUsageDescription = test;
				INFOPLIST_KEY_NSSupportsLiveActivities = YES;
				INFOPLIST_KEY_UIApplicationSceneManifest_Generation = YES;
				INFOPLIST_KEY_UIApplicationSupportsIndirectInputEvents = YES;
				INFOPLIST_KEY_UILaunchScreen_Generation = YES;
				INFOPLIST_KEY_UISupportedInterfaceOrientations = "UIInterfaceOrientationLandscapeLeft UIInterfaceOrientationLandscapeRight UIInterfaceOrientationPortrait UIInterfaceOrientationPortraitUpsideDown";
				IPHONEOS_DEPLOYMENT_TARGET = 17.0;
				LD_RUNPATH_SEARCH_PATHS = (
					"$(inherited)",
					"@executable_path/Frameworks",
				);
				MARKETING_VERSION = 1.0;
				PRODUCT_BUNDLE_IDENTIFIER = test1.test0708;
				PRODUCT_NAME = "$(TARGET_NAME)";
				SWIFT_EMIT_LOC_STRINGS = YES;
				SWIFT_VERSION = 5.0;
				TARGETED_DEVICE_FAMILY = "1,2";
			};
			name = Release;
		};
		5FCA27F52A0217DB00C1ADFB /* Debug */ = {
			isa = XCBuildConfiguration;
			buildSettings = {
				ASSETCATALOG_COMPILER_APPICON_NAME = AppIcon;
				ASSETCATALOG_COMPILER_GLOBAL_ACCENT_COLOR_NAME = AccentColor;
				CLANG_CXX_LANGUAGE_STANDARD = "gnu++20";
				CODE_SIGN_STYLE = Automatic;
				CURRENT_PROJECT_VERSION = 1;
				DEVELOPMENT_ASSET_PATHS = "\"WatchTest0708 Watch App/Preview Content\"";
				DEVELOPMENT_TEAM = 23Z89DEDAB;
				ENABLE_PREVIEWS = YES;
				GENERATE_INFOPLIST_FILE = YES;
				INFOPLIST_KEY_CFBundleDisplayName = WatchTest0708;
				INFOPLIST_KEY_UISupportedInterfaceOrientations = "UIInterfaceOrientationPortrait UIInterfaceOrientationPortraitUpsideDown";
				INFOPLIST_KEY_WKCompanionAppBundleIdentifier = test1.test0708;
				LD_RUNPATH_SEARCH_PATHS = (
					"$(inherited)",
					"@executable_path/Frameworks",
				);
				MARKETING_VERSION = 1.0;
				PRODUCT_BUNDLE_IDENTIFIER = test1.test0708.watchkitapp;
				PRODUCT_NAME = "$(TARGET_NAME)";
				SDKROOT = watchos;
				SKIP_INSTALL = YES;
				SWIFT_EMIT_LOC_STRINGS = YES;
				SWIFT_VERSION = 5.0;
				TARGETED_DEVICE_FAMILY = 4;
				WATCHOS_DEPLOYMENT_TARGET = 10.0;
			};
			name = Debug;
		};
		5FCA27F62A0217DB00C1ADFB /* Release */ = {
			isa = XCBuildConfiguration;
			buildSettings = {
				ASSETCATALOG_COMPILER_APPICON_NAME = AppIcon;
				ASSETCATALOG_COMPILER_GLOBAL_ACCENT_COLOR_NAME = AccentColor;
				CLANG_CXX_LANGUAGE_STANDARD = "gnu++20";
				CODE_SIGN_STYLE = Automatic;
				CURRENT_PROJECT_VERSION = 1;
				DEVELOPMENT_ASSET_PATHS = "\"WatchTest0708 Watch App/Preview Content\"";
				DEVELOPMENT_TEAM = 23Z89DEDAB;
				ENABLE_PREVIEWS = YES;
				GENERATE_INFOPLIST_FILE = YES;
				INFOPLIST_KEY_CFBundleDisplayName = WatchTest0708;
				INFOPLIST_KEY_UISupportedInterfaceOrientations = "UIInterfaceOrientationPortrait UIInterfaceOrientationPortraitUpsideDown";
				INFOPLIST_KEY_WKCompanionAppBundleIdentifier = test1.test0708;
				LD_RUNPATH_SEARCH_PATHS = (
					"$(inherited)",
					"@executable_path/Frameworks",
				);
				MARKETING_VERSION = 1.0;
				PRODUCT_BUNDLE_IDENTIFIER = test1.test0708.watchkitapp;
				PRODUCT_NAME = "$(TARGET_NAME)";
				SDKROOT = watchos;
				SKIP_INSTALL = YES;
				SWIFT_EMIT_LOC_STRINGS = YES;
				SWIFT_VERSION = 5.0;
				TARGETED_DEVICE_FAMILY = 4;
				WATCHOS_DEPLOYMENT_TARGET = 10.0;
			};
			name = Release;
		};
/* End XCBuildConfiguration section */

/* Begin XCConfigurationList section */
		5F6BBAE528F01AD0004DAC7A /* Build configuration list for PBXNativeTarget "test0708widgetExtension" */ = {
			isa = XCConfigurationList;
			buildConfigurations = (
				5F6BBAE328F01AD0004DAC7A /* Debug */,
				5F6BBAE428F01AD0004DAC7A /* Release */,
			);
			defaultConfigurationIsVisible = 0;
			defaultConfigurationName = Release;
		};
		5FC21F112877CE240099381C /* Build configuration list for PBXProject "test0708" */ = {
			isa = XCConfigurationList;
			buildConfigurations = (
				5FC21F222877CE250099381C /* Debug */,
				5FC21F232877CE250099381C /* Release */,
			);
			defaultConfigurationIsVisible = 0;
			defaultConfigurationName = Release;
		};
		5FC21F242877CE250099381C /* Build configuration list for PBXNativeTarget "test0708" */ = {
			isa = XCConfigurationList;
			buildConfigurations = (
				5FC21F252877CE250099381C /* Debug */,
				5FC21F262877CE250099381C /* Release */,
			);
			defaultConfigurationIsVisible = 0;
			defaultConfigurationName = Release;
		};
		5FCA27F72A0217DB00C1ADFB /* Build configuration list for PBXNativeTarget "WatchTest0708 Watch App" */ = {
			isa = XCConfigurationList;
			buildConfigurations = (
				5FCA27F52A0217DB00C1ADFB /* Debug */,
				5FCA27F62A0217DB00C1ADFB /* Release */,
			);
			defaultConfigurationIsVisible = 0;
			defaultConfigurationName = Release;
		};
/* End XCConfigurationList section */

/* Begin XCRemoteSwiftPackageReference section */
		5F4EE980292B09FE00459FCD /* XCRemoteSwiftPackageReference "swift-algorithms" */ = {
			isa = XCRemoteSwiftPackageReference;
			repositoryURL = "https://github.com/apple/swift-algorithms.git";
			requirement = {
				kind = upToNextMajorVersion;
				minimumVersion = 1.0.0;
			};
		};
/* End XCRemoteSwiftPackageReference section */

/* Begin XCSwiftPackageProductDependency section */
		5F4EE981292B09FE00459FCD /* Algorithms */ = {
			isa = XCSwiftPackageProductDependency;
			package = 5F4EE980292B09FE00459FCD /* XCRemoteSwiftPackageReference "swift-algorithms" */;
			productName = Algorithms;
		};
/* End XCSwiftPackageProductDependency section */
	};
	rootObject = 5FC21F0E2877CE240099381C /* Project object */;
}
